
Microsoft Visual Studio Solution File, Format Version 11.00
# Visual Studio 2010
Project("{8BC9CEB8-8B4A-11D0-8D11-00A0C91BC942}") = "Experiment 1-2", "Experiment 1-2\Experiment 1-2.vcxproj", "{C5EC3E32-34A6-4A6C-8C35-46A2FD2C5804}"
EndProject
Global
	GlobalSection(SolutionConfigurationPlatforms) = preSolution
		Debug|Win32 = Debug|Win32
		Release|Win32 = Release|Win32
	EndGlobalSection
	GlobalSection(ProjectConfigurationPlatforms) = postSolution
		{C5EC3E32-34A6-4A6C-8C35-46A2FD2C5804}.Debug|Win32.ActiveCfg = Debug|Win32
		{C5EC3E32-34A6-4A6C-8C35-46A2FD2C5804}.Debug|Win32.Build.0 = Debug|Win32
		{C5EC3E32-34A6-4A6C-8C35-46A2FD2C5804}.Release|Win32.ActiveCfg = Release|Win32
		{C5EC3E32-34A6-4A6C-8C35-46A2FD2C5804}.Release|Win32.Build.0 = Release|Win32
	EndGlobalSection
	GlobalSection(SolutionProperties) = preSolution
		HideSolutionNode = FALSE
	EndGlobalSection
EndGlobal
